// !$*UTF8*$!
{
	archiveVersion = 1;
	classes = {
	};
	objectVersion = 56;
	objects = {

/* Begin PBXBuildFile section */
		20C5E8325CCF5A6AFEE86845 /* Pods_SwiftCurrencyTests.framework in Frameworks */ = {isa = PBXBuildFile; fileRef = 1D758F2134DDBD76A53E9463 /* Pods_SwiftCurrencyTests.framework */; };
		6F0BA9C675621B44AF3F3187 /* Pods_SwiftCurrency.framework in Frameworks */ = {isa = PBXBuildFile; fileRef = 3CA9B37902E0E63A5C7B04C9 /* Pods_SwiftCurrency.framework */; };
		9296E6872BD8D2BD00D60EA3 /* AppDelegate.swift in Sources */ = {isa = PBXBuildFile; fileRef = 9296E6862BD8D2BD00D60EA3 /* AppDelegate.swift */; };
		9296E6892BD8D2BD00D60EA3 /* SceneDelegate.swift in Sources */ = {isa = PBXBuildFile; fileRef = 9296E6882BD8D2BD00D60EA3 /* SceneDelegate.swift */; };
		9296E68B2BD8D2BD00D60EA3 /* ViewController.swift in Sources */ = {isa = PBXBuildFile; fileRef = 9296E68A2BD8D2BD00D60EA3 /* ViewController.swift */; };
		9296E68E2BD8D2BD00D60EA3 /* Base in Resources */ = {isa = PBXBuildFile; fileRef = 9296E68D2BD8D2BD00D60EA3 /* Base */; };
		9296E6902BD8D2BE00D60EA3 /* Assets.xcassets in Resources */ = {isa = PBXBuildFile; fileRef = 9296E68F2BD8D2BE00D60EA3 /* Assets.xcassets */; };
		9296E6932BD8D2BE00D60EA3 /* Base in Resources */ = {isa = PBXBuildFile; fileRef = 9296E6922BD8D2BE00D60EA3 /* Base */; };
		9296E69E2BD8D2BE00D60EA3 /* SwiftCurrencyTests.swift in Sources */ = {isa = PBXBuildFile; fileRef = 9296E69D2BD8D2BE00D60EA3 /* SwiftCurrencyTests.swift */; };
		9296E6A82BD8D2BE00D60EA3 /* SwiftCurrencyUITests.swift in Sources */ = {isa = PBXBuildFile; fileRef = 9296E6A72BD8D2BE00D60EA3 /* SwiftCurrencyUITests.swift */; };
		9296E6AA2BD8D2BE00D60EA3 /* SwiftCurrencyUITestsLaunchTests.swift in Sources */ = {isa = PBXBuildFile; fileRef = 9296E6A92BD8D2BE00D60EA3 /* SwiftCurrencyUITestsLaunchTests.swift */; };
		D621358AFFA36886604E6677 /* Pods_SwiftCurrency_SwiftCurrencyUITests.framework in Frameworks */ = {isa = PBXBuildFile; fileRef = 5D85108F25CD20A0793272E0 /* Pods_SwiftCurrency_SwiftCurrencyUITests.framework */; };
/* End PBXBuildFile section */

/* Begin PBXContainerItemProxy section */
		9296E69A2BD8D2BE00D60EA3 /* PBXContainerItemProxy */ = {
			isa = PBXContainerItemProxy;
			containerPortal = 9296E67B2BD8D2BD00D60EA3 /* Project object */;
			proxyType = 1;
			remoteGlobalIDString = 9296E6822BD8D2BD00D60EA3;
			remoteInfo = SwiftCurrency;
		};
		9296E6A42BD8D2BE00D60EA3 /* PBXContainerItemProxy */ = {
			isa = PBXContainerItemProxy;
			containerPortal = 9296E67B2BD8D2BD00D60EA3 /* Project object */;
			proxyType = 1;
			remoteGlobalIDString = 9296E6822BD8D2BD00D60EA3;
			remoteInfo = SwiftCurrency;
		};
/* End PBXContainerItemProxy section */

/* Begin PBXFileReference section */
		18947288C9A6729D6115FD28 /* Pods-SwiftCurrencyTests.release.xcconfig */ = {isa = PBXFileReference; includeInIndex = 1; lastKnownFileType = text.xcconfig; name = "Pods-SwiftCurrencyTests.release.xcconfig"; path = "Target Support Files/Pods-SwiftCurrencyTests/Pods-SwiftCurrencyTests.release.xcconfig"; sourceTree = "<group>"; };
		1D758F2134DDBD76A53E9463 /* Pods_SwiftCurrencyTests.framework */ = {isa = PBXFileReference; explicitFileType = wrapper.framework; includeInIndex = 0; path = Pods_SwiftCurrencyTests.framework; sourceTree = BUILT_PRODUCTS_DIR; };
		3CA9B37902E0E63A5C7B04C9 /* Pods_SwiftCurrency.framework */ = {isa = PBXFileReference; explicitFileType = wrapper.framework; includeInIndex = 0; path = Pods_SwiftCurrency.framework; sourceTree = BUILT_PRODUCTS_DIR; };
		4CE6B6910BEECA4F34A65308 /* Pods-SwiftCurrencyTests.debug.xcconfig */ = {isa = PBXFileReference; includeInIndex = 1; lastKnownFileType = text.xcconfig; name = "Pods-SwiftCurrencyTests.debug.xcconfig"; path = "Target Support Files/Pods-SwiftCurrencyTests/Pods-SwiftCurrencyTests.debug.xcconfig"; sourceTree = "<group>"; };
		5D85108F25CD20A0793272E0 /* Pods_SwiftCurrency_SwiftCurrencyUITests.framework */ = {isa = PBXFileReference; explicitFileType = wrapper.framework; includeInIndex = 0; path = Pods_SwiftCurrency_SwiftCurrencyUITests.framework; sourceTree = BUILT_PRODUCTS_DIR; };
		5F85C449139DBE7EC86F7558 /* Pods-SwiftCurrency.debug.xcconfig */ = {isa = PBXFileReference; includeInIndex = 1; lastKnownFileType = text.xcconfig; name = "Pods-SwiftCurrency.debug.xcconfig"; path = "Target Support Files/Pods-SwiftCurrency/Pods-SwiftCurrency.debug.xcconfig"; sourceTree = "<group>"; };
		9296E6832BD8D2BD00D60EA3 /* SwiftCurrency.app */ = {isa = PBXFileReference; explicitFileType = wrapper.application; includeInIndex = 0; path = SwiftCurrency.app; sourceTree = BUILT_PRODUCTS_DIR; };
		9296E6862BD8D2BD00D60EA3 /* AppDelegate.swift */ = {isa = PBXFileReference; lastKnownFileType = sourcecode.swift; path = AppDelegate.swift; sourceTree = "<group>"; };
		9296E6882BD8D2BD00D60EA3 /* SceneDelegate.swift */ = {isa = PBXFileReference; lastKnownFileType = sourcecode.swift; path = SceneDelegate.swift; sourceTree = "<group>"; };
		9296E68A2BD8D2BD00D60EA3 /* ViewController.swift */ = {isa = PBXFileReference; lastKnownFileType = sourcecode.swift; path = ViewController.swift; sourceTree = "<group>"; };
		9296E68D2BD8D2BD00D60EA3 /* Base */ = {isa = PBXFileReference; lastKnownFileType = file.storyboard; name = Base; path = Base.lproj/Main.storyboard; sourceTree = "<group>"; };
		9296E68F2BD8D2BE00D60EA3 /* Assets.xcassets */ = {isa = PBXFileReference; lastKnownFileType = folder.assetcatalog; path = Assets.xcassets; sourceTree = "<group>"; };
		9296E6922BD8D2BE00D60EA3 /* Base */ = {isa = PBXFileReference; lastKnownFileType = file.storyboard; name = Base; path = Base.lproj/LaunchScreen.storyboard; sourceTree = "<group>"; };
		9296E6942BD8D2BE00D60EA3 /* Info.plist */ = {isa = PBXFileReference; lastKnownFileType = text.plist.xml; path = Info.plist; sourceTree = "<group>"; };
		9296E6992BD8D2BE00D60EA3 /* SwiftCurrencyTests.xctest */ = {isa = PBXFileReference; explicitFileType = wrapper.cfbundle; includeInIndex = 0; path = SwiftCurrencyTests.xctest; sourceTree = BUILT_PRODUCTS_DIR; };
		9296E69D2BD8D2BE00D60EA3 /* SwiftCurrencyTests.swift */ = {isa = PBXFileReference; lastKnownFileType = sourcecode.swift; path = SwiftCurrencyTests.swift; sourceTree = "<group>"; };
		9296E6A32BD8D2BE00D60EA3 /* SwiftCurrencyUITests.xctest */ = {isa = PBXFileReference; explicitFileType = wrapper.cfbundle; includeInIndex = 0; path = SwiftCurrencyUITests.xctest; sourceTree = BUILT_PRODUCTS_DIR; };
		9296E6A72BD8D2BE00D60EA3 /* SwiftCurrencyUITests.swift */ = {isa = PBXFileReference; lastKnownFileType = sourcecode.swift; path = SwiftCurrencyUITests.swift; sourceTree = "<group>"; };
		9296E6A92BD8D2BE00D60EA3 /* SwiftCurrencyUITestsLaunchTests.swift */ = {isa = PBXFileReference; lastKnownFileType = sourcecode.swift; path = SwiftCurrencyUITestsLaunchTests.swift; sourceTree = "<group>"; };
		C930E8145ECED812F6389FB0 /* Pods-SwiftCurrency-SwiftCurrencyUITests.release.xcconfig */ = {isa = PBXFileReference; includeInIndex = 1; lastKnownFileType = text.xcconfig; name = "Pods-SwiftCurrency-SwiftCurrencyUITests.release.xcconfig"; path = "Target Support Files/Pods-SwiftCurrency-SwiftCurrencyUITests/Pods-SwiftCurrency-SwiftCurrencyUITests.release.xcconfig"; sourceTree = "<group>"; };
		CD8230419883FF32FFD928D8 /* Pods-SwiftCurrency.release.xcconfig */ = {isa = PBXFileReference; includeInIndex = 1; lastKnownFileType = text.xcconfig; name = "Pods-SwiftCurrency.release.xcconfig"; path = "Target Support Files/Pods-SwiftCurrency/Pods-SwiftCurrency.release.xcconfig"; sourceTree = "<group>"; };
		E06B9D618EF184E0669C593F /* Pods-SwiftCurrency-SwiftCurrencyUITests.debug.xcconfig */ = {isa = PBXFileReference; includeInIndex = 1; lastKnownFileType = text.xcconfig; name = "Pods-SwiftCurrency-SwiftCurrencyUITests.debug.xcconfig"; path = "Target Support Files/Pods-SwiftCurrency-SwiftCurrencyUITests/Pods-SwiftCurrency-SwiftCurrencyUITests.debug.xcconfig"; sourceTree = "<group>"; };
/* End PBXFileReference section */

/* Begin PBXFrameworksBuildPhase section */
		9296E6802BD8D2BD00D60EA3 /* Frameworks */ = {
			isa = PBXFrameworksBuildPhase;
			buildActionMask = 2147483647;
			files = (
				6F0BA9C675621B44AF3F3187 /* Pods_SwiftCurrency.framework in Frameworks */,
			);
			runOnlyForDeploymentPostprocessing = 0;
		};
		9296E6962BD8D2BE00D60EA3 /* Frameworks */ = {
			isa = PBXFrameworksBuildPhase;
			buildActionMask = 2147483647;
			files = (
				20C5E8325CCF5A6AFEE86845 /* Pods_SwiftCurrencyTests.framework in Frameworks */,
			);
			runOnlyForDeploymentPostprocessing = 0;
		};
		9296E6A02BD8D2BE00D60EA3 /* Frameworks */ = {
			isa = PBXFrameworksBuildPhase;
			buildActionMask = 2147483647;
			files = (
				D621358AFFA36886604E6677 /* Pods_SwiftCurrency_SwiftCurrencyUITests.framework in Frameworks */,
			);
			runOnlyForDeploymentPostprocessing = 0;
		};
/* End PBXFrameworksBuildPhase section */

/* Begin PBXGroup section */
		9296E67A2BD8D2BD00D60EA3 = {
			isa = PBXGroup;
			children = (
				9296E6852BD8D2BD00D60EA3 /* SwiftCurrency */,
				9296E69C2BD8D2BE00D60EA3 /* SwiftCurrencyTests */,
				9296E6A62BD8D2BE00D60EA3 /* SwiftCurrencyUITests */,
				9296E6842BD8D2BD00D60EA3 /* Products */,
				CAB604AD39A7C6808967CB6F /* Pods */,
				C04994A1E24921E0D0378AA0 /* Frameworks */,
			);
			sourceTree = "<group>";
		};
		9296E6842BD8D2BD00D60EA3 /* Products */ = {
			isa = PBXGroup;
			children = (
				9296E6832BD8D2BD00D60EA3 /* SwiftCurrency.app */,
				9296E6992BD8D2BE00D60EA3 /* SwiftCurrencyTests.xctest */,
				9296E6A32BD8D2BE00D60EA3 /* SwiftCurrencyUITests.xctest */,
			);
			name = Products;
			sourceTree = "<group>";
		};
		9296E6852BD8D2BD00D60EA3 /* SwiftCurrency */ = {
			isa = PBXGroup;
			children = (
				9296E6862BD8D2BD00D60EA3 /* AppDelegate.swift */,
				9296E6882BD8D2BD00D60EA3 /* SceneDelegate.swift */,
				9296E68A2BD8D2BD00D60EA3 /* ViewController.swift */,
				9296E68C2BD8D2BD00D60EA3 /* Main.storyboard */,
				9296E68F2BD8D2BE00D60EA3 /* Assets.xcassets */,
				9296E6912BD8D2BE00D60EA3 /* LaunchScreen.storyboard */,
				9296E6942BD8D2BE00D60EA3 /* Info.plist */,
			);
			path = SwiftCurrency;
			sourceTree = "<group>";
		};
		9296E69C2BD8D2BE00D60EA3 /* SwiftCurrencyTests */ = {
			isa = PBXGroup;
			children = (
				9296E69D2BD8D2BE00D60EA3 /* SwiftCurrencyTests.swift */,
			);
			path = SwiftCurrencyTests;
			sourceTree = "<group>";
		};
		9296E6A62BD8D2BE00D60EA3 /* SwiftCurrencyUITests */ = {
			isa = PBXGroup;
			children = (
				9296E6A72BD8D2BE00D60EA3 /* SwiftCurrencyUITests.swift */,
				9296E6A92BD8D2BE00D60EA3 /* SwiftCurrencyUITestsLaunchTests.swift */,
			);
			path = SwiftCurrencyUITests;
			sourceTree = "<group>";
		};
		C04994A1E24921E0D0378AA0 /* Frameworks */ = {
			isa = PBXGroup;
			children = (
				3CA9B37902E0E63A5C7B04C9 /* Pods_SwiftCurrency.framework */,
				5D85108F25CD20A0793272E0 /* Pods_SwiftCurrency_SwiftCurrencyUITests.framework */,
				1D758F2134DDBD76A53E9463 /* Pods_SwiftCurrencyTests.framework */,
			);
			name = Frameworks;
			sourceTree = "<group>";
		};
		CAB604AD39A7C6808967CB6F /* Pods */ = {
			isa = PBXGroup;
			children = (
				5F85C449139DBE7EC86F7558 /* Pods-SwiftCurrency.debug.xcconfig */,
				CD8230419883FF32FFD928D8 /* Pods-SwiftCurrency.release.xcconfig */,
				E06B9D618EF184E0669C593F /* Pods-SwiftCurrency-SwiftCurrencyUITests.debug.xcconfig */,
				C930E8145ECED812F6389FB0 /* Pods-SwiftCurrency-SwiftCurrencyUITests.release.xcconfig */,
				4CE6B6910BEECA4F34A65308 /* Pods-SwiftCurrencyTests.debug.xcconfig */,
				18947288C9A6729D6115FD28 /* Pods-SwiftCurrencyTests.release.xcconfig */,
			);
			path = Pods;
			sourceTree = "<group>";
		};
/* End PBXGroup section */

/* Begin PBXNativeTarget section */
		9296E6822BD8D2BD00D60EA3 /* SwiftCurrency */ = {
			isa = PBXNativeTarget;
			buildConfigurationList = 9296E6AD2BD8D2BE00D60EA3 /* Build configuration list for PBXNativeTarget "SwiftCurrency" */;
			buildPhases = (
				8EDADD00C73FFC63DDB05FEE /* [CP] Check Pods Manifest.lock */,
				9296E67F2BD8D2BD00D60EA3 /* Sources */,
				9296E6802BD8D2BD00D60EA3 /* Frameworks */,
				9296E6812BD8D2BD00D60EA3 /* Resources */,
				19BDB2216A1F5C0B058E3A35 /* [CP] Embed Pods Frameworks */,
			);
			buildRules = (
			);
			dependencies = (
			);
			name = SwiftCurrency;
			productName = SwiftCurrency;
			productReference = 9296E6832BD8D2BD00D60EA3 /* SwiftCurrency.app */;
			productType = "com.apple.product-type.application";
		};
		9296E6982BD8D2BE00D60EA3 /* SwiftCurrencyTests */ = {
			isa = PBXNativeTarget;
			buildConfigurationList = 9296E6B02BD8D2BE00D60EA3 /* Build configuration list for PBXNativeTarget "SwiftCurrencyTests" */;
			buildPhases = (
				F71EDBDDD2BA6CCB5A81F9A6 /* [CP] Check Pods Manifest.lock */,
				9296E6952BD8D2BE00D60EA3 /* Sources */,
				9296E6962BD8D2BE00D60EA3 /* Frameworks */,
				9296E6972BD8D2BE00D60EA3 /* Resources */,
			);
			buildRules = (
			);
			dependencies = (
				9296E69B2BD8D2BE00D60EA3 /* PBXTargetDependency */,
			);
			name = SwiftCurrencyTests;
			productName = SwiftCurrencyTests;
			productReference = 9296E6992BD8D2BE00D60EA3 /* SwiftCurrencyTests.xctest */;
			productType = "com.apple.product-type.bundle.unit-test";
		};
		9296E6A22BD8D2BE00D60EA3 /* SwiftCurrencyUITests */ = {
			isa = PBXNativeTarget;
			buildConfigurationList = 9296E6B32BD8D2BE00D60EA3 /* Build configuration list for PBXNativeTarget "SwiftCurrencyUITests" */;
			buildPhases = (
				C7B815BBC617E28DBF468B8D /* [CP] Check Pods Manifest.lock */,
				9296E69F2BD8D2BE00D60EA3 /* Sources */,
				9296E6A02BD8D2BE00D60EA3 /* Frameworks */,
				9296E6A12BD8D2BE00D60EA3 /* Resources */,
				BAD7DE44FBF3C248E1D4B8BA /* [CP] Embed Pods Frameworks */,
			);
			buildRules = (
			);
			dependencies = (
				9296E6A52BD8D2BE00D60EA3 /* PBXTargetDependency */,
			);
			name = SwiftCurrencyUITests;
			productName = SwiftCurrencyUITests;
			productReference = 9296E6A32BD8D2BE00D60EA3 /* SwiftCurrencyUITests.xctest */;
			productType = "com.apple.product-type.bundle.ui-testing";
		};
/* End PBXNativeTarget section */

/* Begin PBXProject section */
		9296E67B2BD8D2BD00D60EA3 /* Project object */ = {
			isa = PBXProject;
			attributes = {
				BuildIndependentTargetsInParallel = 1;
				LastSwiftUpdateCheck = 1530;
				LastUpgradeCheck = 1530;
				TargetAttributes = {
					9296E6822BD8D2BD00D60EA3 = {
						CreatedOnToolsVersion = 15.3;
					};
					9296E6982BD8D2BE00D60EA3 = {
						CreatedOnToolsVersion = 15.3;
						TestTargetID = 9296E6822BD8D2BD00D60EA3;
					};
					9296E6A22BD8D2BE00D60EA3 = {
						CreatedOnToolsVersion = 15.3;
						TestTargetID = 9296E6822BD8D2BD00D60EA3;
					};
				};
			};
			buildConfigurationList = 9296E67E2BD8D2BD00D60EA3 /* Build configuration list for PBXProject "SwiftCurrency" */;
			compatibilityVersion = "Xcode 14.0";
			developmentRegion = en;
			hasScannedForEncodings = 0;
			knownRegions = (
				en,
				Base,
			);
			mainGroup = 9296E67A2BD8D2BD00D60EA3;
			productRefGroup = 9296E6842BD8D2BD00D60EA3 /* Products */;
			projectDirPath = "";
			projectRoot = "";
			targets = (
				9296E6822BD8D2BD00D60EA3 /* SwiftCurrency */,
				9296E6982BD8D2BE00D60EA3 /* SwiftCurrencyTests */,
				9296E6A22BD8D2BE00D60EA3 /* SwiftCurrencyUITests */,
			);
		};
/* End PBXProject section */

/* Begin PBXResourcesBuildPhase section */
		9296E6812BD8D2BD00D60EA3 /* Resources */ = {
			isa = PBXResourcesBuildPhase;
			buildActionMask = 2147483647;
			files = (
				9296E6902BD8D2BE00D60EA3 /* Assets.xcassets in Resources */,
				9296E6932BD8D2BE00D60EA3 /* Base in Resources */,
				9296E68E2BD8D2BD00D60EA3 /* Base in Resources */,
			);
			runOnlyForDeploymentPostprocessing = 0;
		};
		9296E6972BD8D2BE00D60EA3 /* Resources */ = {
			isa = PBXResourcesBuildPhase;
			buildActionMask = 2147483647;
			files = (
			);
			runOnlyForDeploymentPostprocessing = 0;
		};
		9296E6A12BD8D2BE00D60EA3 /* Resources */ = {
			isa = PBXResourcesBuildPhase;
			buildActionMask = 2147483647;
			files = (
			);
			runOnlyForDeploymentPostprocessing = 0;
		};
/* End PBXResourcesBuildPhase section */

/* Begin PBXShellScriptBuildPhase section */
		19BDB2216A1F5C0B058E3A35 /* [CP] Embed Pods Frameworks */ = {
			isa = PBXShellScriptBuildPhase;
			buildActionMask = 2147483647;
			files = (
			);
			inputFileListPaths = (
				"${PODS_ROOT}/Target Support Files/Pods-SwiftCurrency/Pods-SwiftCurrency-frameworks-${CONFIGURATION}-input-files.xcfilelist",
			);
			name = "[CP] Embed Pods Frameworks";
			outputFileListPaths = (
				"${PODS_ROOT}/Target Support Files/Pods-SwiftCurrency/Pods-SwiftCurrency-frameworks-${CONFIGURATION}-output-files.xcfilelist",
			);
			runOnlyForDeploymentPostprocessing = 0;
			shellPath = /bin/sh;
			shellScript = "\"${PODS_ROOT}/Target Support Files/Pods-SwiftCurrency/Pods-SwiftCurrency-frameworks.sh\"\n";
			showEnvVarsInLog = 0;
		};
		8EDADD00C73FFC63DDB05FEE /* [CP] Check Pods Manifest.lock */ = {
			isa = PBXShellScriptBuildPhase;
			buildActionMask = 2147483647;
			files = (
			);
			inputFileListPaths = (
			);
			inputPaths = (
				"${PODS_PODFILE_DIR_PATH}/Podfile.lock",
				"${PODS_ROOT}/Manifest.lock",
			);
			name = "[CP] Check Pods Manifest.lock";
			outputFileListPaths = (
			);
			outputPaths = (
				"$(DERIVED_FILE_DIR)/Pods-SwiftCurrency-checkManifestLockResult.txt",
			);
			runOnlyForDeploymentPostprocessing = 0;
			shellPath = /bin/sh;
			shellScript = "diff \"${PODS_PODFILE_DIR_PATH}/Podfile.lock\" \"${PODS_ROOT}/Manifest.lock\" > /dev/null\nif [ $? != 0 ] ; then\n    # print error to STDERR\n    echo \"error: The sandbox is not in sync with the Podfile.lock. Run 'pod install' or update your CocoaPods installation.\" >&2\n    exit 1\nfi\n# This output is used by Xcode 'outputs' to avoid re-running this script phase.\necho \"SUCCESS\" > \"${SCRIPT_OUTPUT_FILE_0}\"\n";
			showEnvVarsInLog = 0;
		};
		BAD7DE44FBF3C248E1D4B8BA /* [CP] Embed Pods Frameworks */ = {
			isa = PBXShellScriptBuildPhase;
			buildActionMask = 2147483647;
			files = (
			);
			inputFileListPaths = (
				"${PODS_ROOT}/Target Support Files/Pods-SwiftCurrency-SwiftCurrencyUITests/Pods-SwiftCurrency-SwiftCurrencyUITests-frameworks-${CONFIGURATION}-input-files.xcfilelist",
			);
			name = "[CP] Embed Pods Frameworks";
			outputFileListPaths = (
				"${PODS_ROOT}/Target Support Files/Pods-SwiftCurrency-SwiftCurrencyUITests/Pods-SwiftCurrency-SwiftCurrencyUITests-frameworks-${CONFIGURATION}-output-files.xcfilelist",
			);
			runOnlyForDeploymentPostprocessing = 0;
			shellPath = /bin/sh;
			shellScript = "\"${PODS_ROOT}/Target Support Files/Pods-SwiftCurrency-SwiftCurrencyUITests/Pods-SwiftCurrency-SwiftCurrencyUITests-frameworks.sh\"\n";
			showEnvVarsInLog = 0;
		};
		C7B815BBC617E28DBF468B8D /* [CP] Check Pods Manifest.lock */ = {
			isa = PBXShellScriptBuildPhase;
			buildActionMask = 2147483647;
			files = (
			);
			inputFileListPaths = (
			);
			inputPaths = (
				"${PODS_PODFILE_DIR_PATH}/Podfile.lock",
				"${PODS_ROOT}/Manifest.lock",
			);
			name = "[CP] Check Pods Manifest.lock";
			outputFileListPaths = (
			);
			outputPaths = (
				"$(DERIVED_FILE_DIR)/Pods-SwiftCurrency-SwiftCurrencyUITests-checkManifestLockResult.txt",
			);
			runOnlyForDeploymentPostprocessing = 0;
			shellPath = /bin/sh;
			shellScript = "diff \"${PODS_PODFILE_DIR_PATH}/Podfile.lock\" \"${PODS_ROOT}/Manifest.lock\" > /dev/null\nif [ $? != 0 ] ; then\n    # print error to STDERR\n    echo \"error: The sandbox is not in sync with the Podfile.lock. Run 'pod install' or update your CocoaPods installation.\" >&2\n    exit 1\nfi\n# This output is used by Xcode 'outputs' to avoid re-running this script phase.\necho \"SUCCESS\" > \"${SCRIPT_OUTPUT_FILE_0}\"\n";
			showEnvVarsInLog = 0;
		};
		F71EDBDDD2BA6CCB5A81F9A6 /* [CP] Check Pods Manifest.lock */ = {
			isa = PBXShellScriptBuildPhase;
			buildActionMask = 2147483647;
			files = (
			);
			inputFileListPaths = (
			);
			inputPaths = (
				"${PODS_PODFILE_DIR_PATH}/Podfile.lock",
				"${PODS_ROOT}/Manifest.lock",
			);
			name = "[CP] Check Pods Manifest.lock";
			outputFileListPaths = (
			);
			outputPaths = (
				"$(DERIVED_FILE_DIR)/Pods-SwiftCurrencyTests-checkManifestLockResult.txt",
			);
			runOnlyForDeploymentPostprocessing = 0;
			shellPath = /bin/sh;
			shellScript = "diff \"${PODS_PODFILE_DIR_PATH}/Podfile.lock\" \"${PODS_ROOT}/Manifest.lock\" > /dev/null\nif [ $? != 0 ] ; then\n    # print error to STDERR\n    echo \"error: The sandbox is not in sync with the Podfile.lock. Run 'pod install' or update your CocoaPods installation.\" >&2\n    exit 1\nfi\n# This output is used by Xcode 'outputs' to avoid re-running this script phase.\necho \"SUCCESS\" > \"${SCRIPT_OUTPUT_FILE_0}\"\n";
			showEnvVarsInLog = 0;
		};
/* End PBXShellScriptBuildPhase section */

/* Begin PBXSourcesBuildPhase section */
		9296E67F2BD8D2BD00D60EA3 /* Sources */ = {
			isa = PBXSourcesBuildPhase;
			buildActionMask = 2147483647;
			files = (
				9296E68B2BD8D2BD00D60EA3 /* ViewController.swift in Sources */,
				9296E6872BD8D2BD00D60EA3 /* AppDelegate.swift in Sources */,
				9296E6892BD8D2BD00D60EA3 /* SceneDelegate.swift in Sources */,
			);
			runOnlyForDeploymentPostprocessing = 0;
		};
		9296E6952BD8D2BE00D60EA3 /* Sources */ = {
			isa = PBXSourcesBuildPhase;
			buildActionMask = 2147483647;
			files = (
				9296E69E2BD8D2BE00D60EA3 /* SwiftCurrencyTests.swift in Sources */,
			);
			runOnlyForDeploymentPostprocessing = 0;
		};
		9296E69F2BD8D2BE00D60EA3 /* Sources */ = {
			isa = PBXSourcesBuildPhase;
			buildActionMask = 2147483647;
			files = (
				9296E6A82BD8D2BE00D60EA3 /* SwiftCurrencyUITests.swift in Sources */,
				9296E6AA2BD8D2BE00D60EA3 /* SwiftCurrencyUITestsLaunchTests.swift in Sources */,
			);
			runOnlyForDeploymentPostprocessing = 0;
		};
/* End PBXSourcesBuildPhase section */

/* Begin PBXTargetDependency section */
		9296E69B2BD8D2BE00D60EA3 /* PBXTargetDependency */ = {
			isa = PBXTargetDependency;
			target = 9296E6822BD8D2BD00D60EA3 /* SwiftCurrency */;
			targetProxy = 9296E69A2BD8D2BE00D60EA3 /* PBXContainerItemProxy */;
		};
		9296E6A52BD8D2BE00D60EA3 /* PBXTargetDependency */ = {
			isa = PBXTargetDependency;
			target = 9296E6822BD8D2BD00D60EA3 /* SwiftCurrency */;
			targetProxy = 9296E6A42BD8D2BE00D60EA3 /* PBXContainerItemProxy */;
		};
/* End PBXTargetDependency section */

/* Begin PBXVariantGroup section */
		9296E68C2BD8D2BD00D60EA3 /* Main.storyboard */ = {
			isa = PBXVariantGroup;
			children = (
				9296E68D2BD8D2BD00D60EA3 /* Base */,
			);
			name = Main.storyboard;
			sourceTree = "<group>";
		};
		9296E6912BD8D2BE00D60EA3 /* LaunchScreen.storyboard */ = {
			isa = PBXVariantGroup;
			children = (
				9296E6922BD8D2BE00D60EA3 /* Base */,
			);
			name = LaunchScreen.storyboard;
			sourceTree = "<group>";
		};
/* End PBXVariantGroup section */

/* Begin XCBuildConfiguration section */
		9296E6AB2BD8D2BE00D60EA3 /* Debug */ = {
			isa = XCBuildConfiguration;
			buildSettings = {
				ALWAYS_SEARCH_USER_PATHS = NO;
				ASSETCATALOG_COMPILER_GENERATE_SWIFT_ASSET_SYMBOL_EXTENSIONS = YES;
				CLANG_ANALYZER_NONNULL = YES;
				CLANG_ANALYZER_NUMBER_OBJECT_CONVERSION = YES_AGGRESSIVE;
				CLANG_CXX_LANGUAGE_STANDARD = "gnu++20";
				CLANG_ENABLE_MODULES = YES;
				CLANG_ENABLE_OBJC_ARC = YES;
				CLANG_ENABLE_OBJC_WEAK = YES;
				CLANG_WARN_BLOCK_CAPTURE_AUTORELEASING = YES;
				CLANG_WARN_BOOL_CONVERSION = YES;
				CLANG_WARN_COMMA = YES;
				CLANG_WARN_CONSTANT_CONVERSION = YES;
				CLANG_WARN_DEPRECATED_OBJC_IMPLEMENTATIONS = YES;
				CLANG_WARN_DIRECT_OBJC_ISA_USAGE = YES_ERROR;
				CLANG_WARN_DOCUMENTATION_COMMENTS = YES;
				CLANG_WARN_EMPTY_BODY = YES;
				CLANG_WARN_ENUM_CONVERSION = YES;
				CLANG_WARN_INFINITE_RECURSION = YES;
				CLANG_WARN_INT_CONVERSION = YES;
				CLANG_WARN_NON_LITERAL_NULL_CONVERSION = YES;
				CLANG_WARN_OBJC_IMPLICIT_RETAIN_SELF = YES;
				CLANG_WARN_OBJC_LITERAL_CONVERSION = YES;
				CLANG_WARN_OBJC_ROOT_CLASS = YES_ERROR;
				CLANG_WARN_QUOTED_INCLUDE_IN_FRAMEWORK_HEADER = YES;
				CLANG_WARN_RANGE_LOOP_ANALYSIS = YES;
				CLANG_WARN_STRICT_PROTOTYPES = YES;
				CLANG_WARN_SUSPICIOUS_MOVE = YES;
				CLANG_WARN_UNGUARDED_AVAILABILITY = YES_AGGRESSIVE;
				CLANG_WARN_UNREACHABLE_CODE = YES;
				CLANG_WARN__DUPLICATE_METHOD_MATCH = YES;
				COPY_PHASE_STRIP = NO;
				DEBUG_INFORMATION_FORMAT = dwarf;
				ENABLE_STRICT_OBJC_MSGSEND = YES;
				ENABLE_TESTABILITY = YES;
				ENABLE_USER_SCRIPT_SANDBOXING = YES;
				GCC_C_LANGUAGE_STANDARD = gnu17;
				GCC_DYNAMIC_NO_PIC = NO;
				GCC_NO_COMMON_BLOCKS = YES;
				GCC_OPTIMIZATION_LEVEL = 0;
				GCC_PREPROCESSOR_DEFINITIONS = (
					"DEBUG=1",
					"$(inherited)",
				);
				GCC_WARN_64_TO_32_BIT_CONVERSION = YES;
				GCC_WARN_ABOUT_RETURN_TYPE = YES_ERROR;
				GCC_WARN_UNDECLARED_SELECTOR = YES;
				GCC_WARN_UNINITIALIZED_AUTOS = YES_AGGRESSIVE;
				GCC_WARN_UNUSED_FUNCTION = YES;
				GCC_WARN_UNUSED_VARIABLE = YES;
				IPHONEOS_DEPLOYMENT_TARGET = 17.4;
				LOCALIZATION_PREFERS_STRING_CATALOGS = YES;
				MTL_ENABLE_DEBUG_INFO = INCLUDE_SOURCE;
				MTL_FAST_MATH = YES;
				ONLY_ACTIVE_ARCH = YES;
				SDKROOT = iphoneos;
				SWIFT_ACTIVE_COMPILATION_CONDITIONS = "DEBUG $(inherited)";
				SWIFT_OPTIMIZATION_LEVEL = "-Onone";
			};
			name = Debug;
		};
		9296E6AC2BD8D2BE00D60EA3 /* Release */ = {
			isa = XCBuildConfiguration;
			buildSettings = {
				ALWAYS_SEARCH_USER_PATHS = NO;
				ASSETCATALOG_COMPILER_GENERATE_SWIFT_ASSET_SYMBOL_EXTENSIONS = YES;
				CLANG_ANALYZER_NONNULL = YES;
				CLANG_ANALYZER_NUMBER_OBJECT_CONVERSION = YES_AGGRESSIVE;
				CLANG_CXX_LANGUAGE_STANDARD = "gnu++20";
				CLANG_ENABLE_MODULES = YES;
				CLANG_ENABLE_OBJC_ARC = YES;
				CLANG_ENABLE_OBJC_WEAK = YES;
				CLANG_WARN_BLOCK_CAPTURE_AUTORELEASING = YES;
				CLANG_WARN_BOOL_CONVERSION = YES;
				CLANG_WARN_COMMA = YES;
				CLANG_WARN_CONSTANT_CONVERSION = YES;
				CLANG_WARN_DEPRECATED_OBJC_IMPLEMENTATIONS = YES;
				CLANG_WARN_DIRECT_OBJC_ISA_USAGE = YES_ERROR;
				CLANG_WARN_DOCUMENTATION_COMMENTS = YES;
				CLANG_WARN_EMPTY_BODY = YES;
				CLANG_WARN_ENUM_CONVERSION = YES;
				CLANG_WARN_INFINITE_RECURSION = YES;
				CLANG_WARN_INT_CONVERSION = YES;
				CLANG_WARN_NON_LITERAL_NULL_CONVERSION = YES;
				CLANG_WARN_OBJC_IMPLICIT_RETAIN_SELF = YES;
				CLANG_WARN_OBJC_LITERAL_CONVERSION = YES;
				CLANG_WARN_OBJC_ROOT_CLASS = YES_ERROR;
				CLANG_WARN_QUOTED_INCLUDE_IN_FRAMEWORK_HEADER = YES;
				CLANG_WARN_RANGE_LOOP_ANALYSIS = YES;
				CLANG_WARN_STRICT_PROTOTYPES = YES;
				CLANG_WARN_SUSPICIOUS_MOVE = YES;
				CLANG_WARN_UNGUARDED_AVAILABILITY = YES_AGGRESSIVE;
				CLANG_WARN_UNREACHABLE_CODE = YES;
				CLANG_WARN__DUPLICATE_METHOD_MATCH = YES;
				COPY_PHASE_STRIP = NO;
				DEBUG_INFORMATION_FORMAT = "dwarf-with-dsym";
				ENABLE_NS_ASSERTIONS = NO;
				ENABLE_STRICT_OBJC_MSGSEND = YES;
				ENABLE_USER_SCRIPT_SANDBOXING = YES;
				GCC_C_LANGUAGE_STANDARD = gnu17;
				GCC_NO_COMMON_BLOCKS = YES;
				GCC_WARN_64_TO_32_BIT_CONVERSION = YES;
				GCC_WARN_ABOUT_RETURN_TYPE = YES_ERROR;
				GCC_WARN_UNDECLARED_SELECTOR = YES;
				GCC_WARN_UNINITIALIZED_AUTOS = YES_AGGRESSIVE;
				GCC_WARN_UNUSED_FUNCTION = YES;
				GCC_WARN_UNUSED_VARIABLE = YES;
				IPHONEOS_DEPLOYMENT_TARGET = 17.4;
				LOCALIZATION_PREFERS_STRING_CATALOGS = YES;
				MTL_ENABLE_DEBUG_INFO = NO;
				MTL_FAST_MATH = YES;
				SDKROOT = iphoneos;
				SWIFT_COMPILATION_MODE = wholemodule;
				VALIDATE_PRODUCT = YES;
			};
			name = Release;
		};
		9296E6AE2BD8D2BE00D60EA3 /* Debug */ = {
			isa = XCBuildConfiguration;
			baseConfigurationReference = 5F85C449139DBE7EC86F7558 /* Pods-SwiftCurrency.debug.xcconfig */;
			buildSettings = {
				ASSETCATALOG_COMPILER_APPICON_NAME = AppIcon;
				ASSETCATALOG_COMPILER_GLOBAL_ACCENT_COLOR_NAME = AccentColor;
				CODE_SIGN_STYLE = Automatic;
				CURRENT_PROJECT_VERSION = 1;
				ENABLE_USER_SCRIPT_SANDBOXING = NO;
				GENERATE_INFOPLIST_FILE = YES;
				INFOPLIST_FILE = SwiftCurrency/Info.plist;
				INFOPLIST_KEY_UIApplicationSupportsIndirectInputEvents = YES;
				INFOPLIST_KEY_UILaunchStoryboardName = LaunchScreen;
				INFOPLIST_KEY_UIMainStoryboardFile = Main;
				INFOPLIST_KEY_UISupportedInterfaceOrientations_iPad = "UIInterfaceOrientationPortrait UIInterfaceOrientationPortraitUpsideDown UIInterfaceOrientationLandscapeLeft UIInterfaceOrientationLandscapeRight";
				INFOPLIST_KEY_UISupportedInterfaceOrientations_iPhone = "UIInterfaceOrientationPortrait UIInterfaceOrientationLandscapeLeft UIInterfaceOrientationLandscapeRight";
				LD_RUNPATH_SEARCH_PATHS = (
					"$(inherited)",
					"@executable_path/Frameworks",
				);
				MARKETING_VERSION = 1.0;
				PRODUCT_BUNDLE_IDENTIFIER = noyoungj.SwiftCurrency;
				PRODUCT_NAME = "$(TARGET_NAME)";
				SWIFT_EMIT_LOC_STRINGS = YES;
				SWIFT_VERSION = 5.0;
				TARGETED_DEVICE_FAMILY = "1,2";
			};
			name = Debug;
		};
		9296E6AF2BD8D2BE00D60EA3 /* Release */ = {
			isa = XCBuildConfiguration;
			baseConfigurationReference = CD8230419883FF32FFD928D8 /* Pods-SwiftCurrency.release.xcconfig */;
			buildSettings = {
				ASSETCATALOG_COMPILER_APPICON_NAME = AppIcon;
				ASSETCATALOG_COMPILER_GLOBAL_ACCENT_COLOR_NAME = AccentColor;
				CODE_SIGN_STYLE = Automatic;
				CURRENT_PROJECT_VERSION = 1;
				ENABLE_USER_SCRIPT_SANDBOXING = NO;
				GENERATE_INFOPLIST_FILE = YES;
				INFOPLIST_FILE = SwiftCurrency/Info.plist;
				INFOPLIST_KEY_UIApplicationSupportsIndirectInputEvents = YES;
				INFOPLIST_KEY_UILaunchStoryboardName = LaunchScreen;
				INFOPLIST_KEY_UIMainStoryboardFile = Main;
				INFOPLIST_KEY_UISupportedInterfaceOrientations_iPad = "UIInterfaceOrientationPortrait UIInterfaceOrientationPortraitUpsideDown UIInterfaceOrientationLandscapeLeft UIInterfaceOrientationLandscapeRight";
				INFOPLIST_KEY_UISupportedInterfaceOrientations_iPhone = "UIInterfaceOrientationPortrait UIInterfaceOrientationLandscapeLeft UIInterfaceOrientationLandscapeRight";
				LD_RUNPATH_SEARCH_PATHS = (
					"$(inherited)",
					"@executable_path/Frameworks",
				);
				MARKETING_VERSION = 1.0;
				PRODUCT_BUNDLE_IDENTIFIER = noyoungj.SwiftCurrency;
				PRODUCT_NAME = "$(TARGET_NAME)";
				SWIFT_EMIT_LOC_STRINGS = YES;
				SWIFT_VERSION = 5.0;
				TARGETED_DEVICE_FAMILY = "1,2";
			};
			name = Release;
		};
		9296E6B12BD8D2BE00D60EA3 /* Debug */ = {
			isa = XCBuildConfiguration;
			baseConfigurationReference = 4CE6B6910BEECA4F34A65308 /* Pods-SwiftCurrencyTests.debug.xcconfig */;
			buildSettings = {
				ALWAYS_EMBED_SWIFT_STANDARD_LIBRARIES = YES;
				BUNDLE_LOADER = "$(TEST_HOST)";
				CODE_SIGN_STYLE = Automatic;
				CURRENT_PROJECT_VERSION = 1;
				GENERATE_INFOPLIST_FILE = YES;
				IPHONEOS_DEPLOYMENT_TARGET = 17.4;
				MARKETING_VERSION = 1.0;
				PRODUCT_BUNDLE_IDENTIFIER = noyoungj.SwiftCurrencyTests;
				PRODUCT_NAME = "$(TARGET_NAME)";
				SWIFT_EMIT_LOC_STRINGS = NO;
				SWIFT_VERSION = 5.0;
				TARGETED_DEVICE_FAMILY = "1,2";
				TEST_HOST = "$(BUILT_PRODUCTS_DIR)/SwiftCurrency.app/$(BUNDLE_EXECUTABLE_FOLDER_PATH)/SwiftCurrency";
			};
			name = Debug;
		};
		9296E6B22BD8D2BE00D60EA3 /* Release */ = {
			isa = XCBuildConfiguration;
			baseConfigurationReference = 18947288C9A6729D6115FD28 /* Pods-SwiftCurrencyTests.release.xcconfig */;
			buildSettings = {
				ALWAYS_EMBED_SWIFT_STANDARD_LIBRARIES = YES;
				BUNDLE_LOADER = "$(TEST_HOST)";
				CODE_SIGN_STYLE = Automatic;
				CURRENT_PROJECT_VERSION = 1;
				GENERATE_INFOPLIST_FILE = YES;
				IPHONEOS_DEPLOYMENT_TARGET = 17.4;
				MARKETING_VERSION = 1.0;
				PRODUCT_BUNDLE_IDENTIFIER = noyoungj.SwiftCurrencyTests;
				PRODUCT_NAME = "$(TARGET_NAME)";
				SWIFT_EMIT_LOC_STRINGS = NO;
				SWIFT_VERSION = 5.0;
				TARGETED_DEVICE_FAMILY = "1,2";
				TEST_HOST = "$(BUILT_PRODUCTS_DIR)/SwiftCurrency.app/$(BUNDLE_EXECUTABLE_FOLDER_PATH)/SwiftCurrency";
			};
			name = Release;
		};
		9296E6B42BD8D2BE00D60EA3 /* Debug */ = {
			isa = XCBuildConfiguration;
			baseConfigurationReference = E06B9D618EF184E0669C593F /* Pods-SwiftCurrency-SwiftCurrencyUITests.debug.xcconfig */;
			buildSettings = {
				ALWAYS_EMBED_SWIFT_STANDARD_LIBRARIES = YES;
				CODE_SIGN_STYLE = Automatic;
				CURRENT_PROJECT_VERSION = 1;
				GENERATE_INFOPLIST_FILE = YES;
				MARKETING_VERSION = 1.0;
				PRODUCT_BUNDLE_IDENTIFIER = noyoungj.SwiftCurrencyUITests;
				PRODUCT_NAME = "$(TARGET_NAME)";
				SWIFT_EMIT_LOC_STRINGS = NO;
				SWIFT_VERSION = 5.0;
				TARGETED_DEVICE_FAMILY = "1,2";
				TEST_TARGET_NAME = SwiftCurrency;
			};
			name = Debug;
		};
		9296E6B52BD8D2BE00D60EA3 /* Release */ = {
			isa = XCBuildConfiguration;
			baseConfigurationReference = C930E8145ECED812F6389FB0 /* Pods-SwiftCurrency-SwiftCurrencyUITests.release.xcconfig */;
			buildSettings = {
				ALWAYS_EMBED_SWIFT_STANDARD_LIBRARIES = YES;
				CODE_SIGN_STYLE = Automatic;
				CURRENT_PROJECT_VERSION = 1;
				GENERATE_INFOPLIST_FILE = YES;
				MARKETING_VERSION = 1.0;
				PRODUCT_BUNDLE_IDENTIFIER = noyoungj.SwiftCurrencyUITests;
				PRODUCT_NAME = "$(TARGET_NAME)";
				SWIFT_EMIT_LOC_STRINGS = NO;
				SWIFT_VERSION = 5.0;
				TARGETED_DEVICE_FAMILY = "1,2";
				TEST_TARGET_NAME = SwiftCurrency;
			};
			name = Release;
		};
/* End XCBuildConfiguration section */

/* Begin XCConfigurationList section */
		9296E67E2BD8D2BD00D60EA3 /* Build configuration list for PBXProject "SwiftCurrency" */ = {
			isa = XCConfigurationList;
			buildConfigurations = (
				9296E6AB2BD8D2BE00D60EA3 /* Debug */,
				9296E6AC2BD8D2BE00D60EA3 /* Release */,
			);
			defaultConfigurationIsVisible = 0;
			defaultConfigurationName = Release;
		};
		9296E6AD2BD8D2BE00D60EA3 /* Build configuration list for PBXNativeTarget "SwiftCurrency" */ = {
			isa = XCConfigurationList;
			buildConfigurations = (
				9296E6AE2BD8D2BE00D60EA3 /* Debug */,
				9296E6AF2BD8D2BE00D60EA3 /* Release */,
			);
			defaultConfigurationIsVisible = 0;
			defaultConfigurationName = Release;
		};
		9296E6B02BD8D2BE00D60EA3 /* Build configuration list for PBXNativeTarget "SwiftCurrencyTests" */ = {
			isa = XCConfigurationList;
			buildConfigurations = (
				9296E6B12BD8D2BE00D60EA3 /* Debug */,
				9296E6B22BD8D2BE00D60EA3 /* Release */,
			);
			defaultConfigurationIsVisible = 0;
			defaultConfigurationName = Release;
		};
		9296E6B32BD8D2BE00D60EA3 /* Build configuration list for PBXNativeTarget "SwiftCurrencyUITests" */ = {
			isa = XCConfigurationList;
			buildConfigurations = (
				9296E6B42BD8D2BE00D60EA3 /* Debug */,
				9296E6B52BD8D2BE00D60EA3 /* Release */,
			);
			defaultConfigurationIsVisible = 0;
			defaultConfigurationName = Release;
		};
/* End XCConfigurationList section */
	};
	rootObject = 9296E67B2BD8D2BD00D60EA3 /* Project object */;
}
